{
  "name": "domain-bloom-filter",
  "version": "1.0.0",
  "lockfileVersion": 3,
  "requires": true,
  "packages": {
    "": {
      "name": "domain-bloom-filter",
      "version": "1.0.0",
      "license": "MIT",
      "dependencies": {
        "bloom-filters": "^3.0.2"
      }
    },
    "node_modules/@types/seedrandom": {
      "version": "3.0.8",
      "resolved": "https://registry.npmjs.org/@types/seedrandom/-/seedrandom-3.0.8.tgz",
      "integrity": "sha512-TY1eezMU2zH2ozQoAFAQFOPpvP15g+ZgSfTZt31AUUH/Rxtnz3H+A/Sv1Snw2/amp//omibc+AEkTaA8KUeOLQ==",
      "license": "MIT"
    },
    "node_modules/base64-arraybuffer": {
      "version": "1.0.2",
      "resolved": "https://registry.npmjs.org/base64-arraybuffer/-/base64-arraybuffer-1.0.2.tgz",
      "integrity": "sha512-I3yl4r9QB5ZRY3XuJVEPfc2XhZO6YweFPI+UovAzn+8/hb3oJ6lnysaFcjVpkCPfVWFUDvoZ8kmVDP7WyRtYtQ==",
      "license": "MIT",
      "engines": {
        "node": ">= 0.6.0"
      }
    },
    "node_modules/bloom-filters": {
      "version": "3.0.4",
      "resolved": "https://registry.npmjs.org/bloom-filters/-/bloom-filters-3.0.4.tgz",
      "integrity": "sha512-BdnPWo2OpYhlvuP2fRzJBdioMCkm7Zp0HCf8NJgF5Mbyqy7VQ/CnTiVWMMyq4EZCBHwj0Kq6098gW2/3RsZsrA==",
      "license": "MIT",
      "dependencies": {
        "@types/seedrandom": "^3.0.8",
        "base64-arraybuffer": "^1.0.2",
        "is-buffer": "^2.0.5",
        "lodash": "^4.17.21",
        "long": "^5.2.0",
        "reflect-metadata": "^0.1.13",
        "seedrandom": "^3.0.5",
        "xxhashjs": "^0.2.2"
      },
      "engines": {
        "node": ">=12"
      }
    },
    "node_modules/cuint": {
      "version": "0.2.2",
      "resolved": "https://registry.npmjs.org/cuint/-/cuint-0.2.2.tgz",
      "integrity": "sha512-d4ZVpCW31eWwCMe1YT3ur7mUDnTXbgwyzaL320DrcRT45rfjYxkt5QWLrmOJ+/UEAI2+fQgKe/fCjR8l4TpRgw==",
      "license": "MIT"
    },
    "node_modules/is-buffer": {
      "version": "2.0.5",
      "resolved": "https://registry.npmjs.org/is-buffer/-/is-buffer-2.0.5.tgz",
      "integrity": "sha512-i2R6zNFDwgEHJyQUtJEk0XFi1i0dPFn/oqjK3/vPCcDeJvW5NQ83V8QbicfF1SupOaB0h8ntgBC2YiE7dfyctQ==",
      "funding": [
        {
          "type": "github",
          "url": "https://github.com/sponsors/feross"
        },
        {
          "type": "patreon",
          "url": "https://www.patreon.com/feross"
        },
        {
          "type": "consulting",
          "url": "https://feross.org/support"
        }
      ],
      "license": "MIT",
      "engines": {
        "node": ">=4"
      }
    },
    "node_modules/lodash": {
      "version": "4.18.1",
      "resolved": "https://registry.npmjs.org/lodash/-/lodash-4.18.1.tgz",
      "integrity": "sha512-dMInicTPVE8d1e5otfwmmjlxkZoUpiVLwyeTdUsi/Caj/gfzzblBcCE5sRHV/AsjuCmxWrte2TNGSYuCeCq+0Q==",
      "license": "MIT"
    },
    "node_modules/long": {
      "version": "5.3.2",
      "resolved": "https://registry.npmjs.org/long/-/long-5.3.2.tgz",
      "integrity": "sha512-mNAgZ1GmyNhD7AuqnTG3/VQ26o760+ZYBPKjPvugO8+nLbYfX6TVpJPseBvopbdY+qpZ/lKUnmEc1LeZYS3QAA==",
      "license": "Apache-2.0"
    },
    "node_modules/reflect-metadata": {
      "version": "0.1.14",
      "resolved": "https://registry.npmjs.org/reflect-metadata/-/reflect-metadata-0.1.14.tgz",
      "integrity": "sha512-ZhYeb6nRaXCfhnndflDK8qI6ZQ/YcWZCISRAWICW9XYqMUwjZM9Z0DveWX/ABN01oxSHwVxKQmxeYZSsm0jh5A==",
      "license": "Apache-2.0"
    },
    "node_modules/seedrandom": {
      "version": "3.0.5",
      "resolved": "https://registry.npmjs.org/seedrandom/-/seedrandom-3.0.5.tgz",
      "integrity": "sha512-8OwmbklUNzwezjGInmZ+2clQmExQPvomqjL7LFqOYqtmuxRgQYqOD3mHaU+MvZn5FLUeVxVfQjwLZW/n/JFuqg==",
      "license": "MIT"
    },
    "node_modules/xxhashjs": {
      "version": "0.2.2",
      "resolved": "https://registry.npmjs.org/xxhashjs/-/xxhashjs-0.2.2.tgz",
      "integrity": "sha512-AkTuIuVTET12tpsVIQo+ZU6f/qDmKuRUcjaqR+OIvm+aCBsZ95i7UVY5WJ9TMsSaZ0DA2WxoZ4acu0sPH+OKAw==",
      "license": "MIT",
      "dependencies": {
        "cuint": "^0.2.2"
      }
    }
  }
}
